
Microsoft Visual Studio Solution File, Format Version 12.00
# Visual Studio Version 17
VisualStudioVersion = 17.4.33213.308
MinimumVisualStudioVersion = 10.0.40219.1
Project("{9A19103F-16F7-4668-BE54-9A1E7A4F7556}") = "MazeRunner.API", "MazeRunner.API\MazeRunner.API.csproj", "{1D217123-A126-405E-85E8-5C8B7F8AAEAE}"
EndProject
Project("{9A19103F-16F7-4668-BE54-9A1E7A4F7556}") = "MazeRunner.Application", "MazeRunner.Application\MazeRunner.Application.csproj", "{306E436D-37C1-4C4F-8071-E5314B518EB8}"
EndProject
Project("{9A19103F-16F7-4668-BE54-9A1E7A4F7556}") = "MazeRunner.Domain", "MazeRunner.Domain\MazeRunner.Domain.csproj", "{46881622-E0C3-48E8-8A4A-C21CAC150225}"
EndProject
Project("{FAE04EC0-301F-11D3-BF4B-00C04F79EFBC}") = "MazeRunner.Data", "MazeRunner.Data\MazeRunner.Data.csproj", "{38653096-2058-4874-8E03-7590E98A70D8}"
EndProject
Project("{FAE04EC0-301F-11D3-BF4B-00C04F79EFBC}") = "MazeRunner.WASM.Server", "MazeRunner.WASM\Server\MazeRunner.WASM.Server.csproj", "{A6452808-3B95-4B18-B8BD-AC25C6A611E4}"
EndProject
Project("{FAE04EC0-301F-11D3-BF4B-00C04F79EFBC}") = "MazeRunner.WASM.Client", "MazeRunner.WASM\Client\MazeRunner.WASM.Client.csproj", "{D10B2DD4-3825-43B8-8640-E64EA0AF0779}"
EndProject
Global
	GlobalSection(SolutionConfigurationPlatforms) = preSolution
		Debug|Any CPU = Debug|Any CPU
		Release|Any CPU = Release|Any CPU
	EndGlobalSection
	GlobalSection(ProjectConfigurationPlatforms) = postSolution
		{1D217123-A126-405E-85E8-5C8B7F8AAEAE}.Debug|Any CPU.ActiveCfg = Debug|Any CPU
		{1D217123-A126-405E-85E8-5C8B7F8AAEAE}.Debug|Any CPU.Build.0 = Debug|Any CPU
		{1D217123-A126-405E-85E8-5C8B7F8AAEAE}.Release|Any CPU.ActiveCfg = Release|Any CPU
		{1D217123-A126-405E-85E8-5C8B7F8AAEAE}.Release|Any CPU.Build.0 = Release|Any CPU
		{306E436D-37C1-4C4F-8071-E5314B518EB8}.Debug|Any CPU.ActiveCfg = Debug|Any CPU
		{306E436D-37C1-4C4F-8071-E5314B518EB8}.Debug|Any CPU.Build.0 = Debug|Any CPU
		{306E436D-37C1-4C4F-8071-E5314B518EB8}.Release|Any CPU.ActiveCfg = Release|Any CPU
		{306E436D-37C1-4C4F-8071-E5314B518EB8}.Release|Any CPU.Build.0 = Release|Any CPU
		{46881622-E0C3-48E8-8A4A-C21CAC150225}.Debug|Any CPU.ActiveCfg = Debug|Any CPU
		{46881622-E0C3-48E8-8A4A-C21CAC150225}.Debug|Any CPU.Build.0 = Debug|Any CPU
		{46881622-E0C3-48E8-8A4A-C21CAC150225}.Release|Any CPU.ActiveCfg = Release|Any CPU
		{46881622-E0C3-48E8-8A4A-C21CAC150225}.Release|Any CPU.Build.0 = Release|Any CPU
		{38653096-2058-4874-8E03-7590E98A70D8}.Debug|Any CPU.ActiveCfg = Debug|Any CPU
		{38653096-2058-4874-8E03-7590E98A70D8}.Debug|Any CPU.Build.0 = Debug|Any CPU
		{38653096-2058-4874-8E03-7590E98A70D8}.Release|Any CPU.ActiveCfg = Release|Any CPU
		{38653096-2058-4874-8E03-7590E98A70D8}.Release|Any CPU.Build.0 = Release|Any CPU
		{A6452808-3B95-4B18-B8BD-AC25C6A611E4}.Debug|Any CPU.ActiveCfg = Debug|Any CPU
		{A6452808-3B95-4B18-B8BD-AC25C6A611E4}.Debug|Any CPU.Build.0 = Debug|Any CPU
		{A6452808-3B95-4B18-B8BD-AC25C6A611E4}.Release|Any CPU.ActiveCfg = Release|Any CPU
		{A6452808-3B95-4B18-B8BD-AC25C6A611E4}.Release|Any CPU.Build.0 = Release|Any CPU
		{D10B2DD4-3825-43B8-8640-E64EA0AF0779}.Debug|Any CPU.ActiveCfg = Debug|Any CPU
		{D10B2DD4-3825-43B8-8640-E64EA0AF0779}.Debug|Any CPU.Build.0 = Debug|Any CPU
		{D10B2DD4-3825-43B8-8640-E64EA0AF0779}.Release|Any CPU.ActiveCfg = Release|Any CPU
		{D10B2DD4-3825-43B8-8640-E64EA0AF0779}.Release|Any CPU.Build.0 = Release|Any CPU
	EndGlobalSection
	GlobalSection(SolutionProperties) = preSolution
		HideSolutionNode = FALSE
	EndGlobalSection
	GlobalSection(ExtensibilityGlobals) = postSolution
		SolutionGuid = {47E0995E-546B-41F8-BF38-C2FCA489A075}
	EndGlobalSection
EndGlobal
